
Microsoft Visual Studio Solution File, Format Version 12.00
# Visual Studio Version 17
VisualStudioVersion = 17.2.32630.192
MinimumVisualStudioVersion = 10.0.40219.1
Project("{FAE04EC0-301F-11D3-BF4B-00C04F79EFBC}") = "ASP.NET6-API", "ASP.NET6-API.csproj", "{5FF3481B-172F-4B1A-8792-24C37FFC1DE2}"
EndProject
Project("{FAE04EC0-301F-11D3-BF4B-00C04F79EFBC}") = "API-Tester", "API-Tester\API-Tester.csproj", "{223AE23E-E475-414A-A330-2AB0BADC6FB1}"
EndProject
Global
	GlobalSection(SolutionConfigurationPlatforms) = preSolution
		Debug|Any CPU = Debug|Any CPU
		Release|Any CPU = Release|Any CPU
	EndGlobalSection
	GlobalSection(ProjectConfigurationPlatforms) = postSolution
		{5FF3481B-172F-4B1A-8792-24C37FFC1DE2}.Debug|Any CPU.ActiveCfg = Debug|Any CPU
		{5FF3481B-172F-4B1A-8792-24C37FFC1DE2}.Debug|Any CPU.Build.0 = Debug|Any CPU
		{5FF3481B-172F-4B1A-8792-24C37FFC1DE2}.Release|Any CPU.ActiveCfg = Release|Any CPU
		{5FF3481B-172F-4B1A-8792-24C37FFC1DE2}.Release|Any CPU.Build.0 = Release|Any CPU
		{223AE23E-E475-414A-A330-2AB0BADC6FB1}.Debug|Any CPU.ActiveCfg = Debug|Any CPU
		{223AE23E-E475-414A-A330-2AB0BADC6FB1}.Debug|Any CPU.Build.0 = Debug|Any CPU
		{223AE23E-E475-414A-A330-2AB0BADC6FB1}.Release|Any CPU.ActiveCfg = Release|Any CPU
		{223AE23E-E475-414A-A330-2AB0BADC6FB1}.Release|Any CPU.Build.0 = Release|Any CPU
	EndGlobalSection
	GlobalSection(SolutionProperties) = preSolution
		HideSolutionNode = FALSE
	EndGlobalSection
	GlobalSection(ExtensibilityGlobals) = postSolution
		SolutionGuid = {DE2C9847-FB01-48FA-B8E9-2A8C02629DA4}
	EndGlobalSection
EndGlobal
